// !$*UTF8*$!
{
	archiveVersion = 1;
	classes = {
	};
	objectVersion = 70;
	objects = {

/* Begin PBXBuildFile section */
		67CD6B4D2F9F414500F8579D /* ATWOpusConverter.swift in Sources */ = {isa = PBXBuildFile; fileRef = 67CD6B4C2F9F414500F8579D /* ATWOpusConverter.swift */; };
		946823DA2FBC2F72002F0C5F /* ScanRippleView.swift in Sources */ = {isa = PBXBuildFile; fileRef = 946823D92FBC2F72002F0C5F /* ScanRippleView.swift */; };
		946823DC2FBC32E8002F0C5F /* ScanPeripheralViewController.swift in Sources */ = {isa = PBXBuildFile; fileRef = 946823DB2FBC32E8002F0C5F /* ScanPeripheralViewController.swift */; };
		946824C62FBC6645002F0C5F /* ScanContainerView.swift in Sources */ = {isa = PBXBuildFile; fileRef = 946824C52FBC6645002F0C5F /* ScanContainerView.swift */; };
		946824CA2FBED57E002F0C5F /* HomeViewViewController.swift in Sources */ = {isa = PBXBuildFile; fileRef = 946824C92FBED57E002F0C5F /* HomeViewViewController.swift */; };
		946824CC2FBF3921002F0C5F /* HomeBluetoothRingView.swift in Sources */ = {isa = PBXBuildFile; fileRef = 946824CB2FBF3921002F0C5F /* HomeBluetoothRingView.swift */; };
		946824CE2FC00001002F0C5F /* Theme.swift in Sources */ = {isa = PBXBuildFile; fileRef = 946824CD2FC00001002F0C5F /* Theme.swift */; };
		946824D02FC4F8E1002F0C5F /* HomeRecordingFileCell.swift in Sources */ = {isa = PBXBuildFile; fileRef = 946824CF2FC4F8E1002F0C5F /* HomeRecordingFileCell.swift */; };
		946824D22FD70F9E002F0C5F /* HomeBluetoothDeviceInfoCell.swift in Sources */ = {isa = PBXBuildFile; fileRef = 946824D12FD70F9E002F0C5F /* HomeBluetoothDeviceInfoCell.swift */; };
		946824D42FD71701002F0C5F /* AppTabBarController.swift in Sources */ = {isa = PBXBuildFile; fileRef = 946824D32FD71701002F0C5F /* AppTabBarController.swift */; };
		946824D62FD71702002F0C5F /* SettingsViewController.swift in Sources */ = {isa = PBXBuildFile; fileRef = 946824D52FD71702002F0C5F /* SettingsViewController.swift */; };
		946824D82FD8F001002F0C5F /* HomeRecordingStatusCell.swift in Sources */ = {isa = PBXBuildFile; fileRef = 946824D72FD8F001002F0C5F /* HomeRecordingStatusCell.swift */; };
		946824DA2FD8F1A1002F0C5F /* UIColor+Hex.swift in Sources */ = {isa = PBXBuildFile; fileRef = 946824D92FD8F1A1002F0C5F /* UIColor+Hex.swift */; };
		946824DC2FD8F2D1002F0C5F /* RecordingTimerModel.swift in Sources */ = {isa = PBXBuildFile; fileRef = 946824DB2FD8F2D1002F0C5F /* RecordingTimerModel.swift */; };
		94A311692FD9474C0078A1C3 /* AudioPlayViewController.swift in Sources */ = {isa = PBXBuildFile; fileRef = 94A311682FD9474C0078A1C3 /* AudioPlayViewController.swift */; };
		94A3116B2FD9489C0078A1C3 /* AudioPlaybackManager.swift in Sources */ = {isa = PBXBuildFile; fileRef = 94A3116A2FD9489C0078A1C3 /* AudioPlaybackManager.swift */; };
		94A3116D2FD94A120078A1C3 /* AudioWaveformAnalyzer.swift in Sources */ = {isa = PBXBuildFile; fileRef = 94A3116C2FD94A120078A1C3 /* AudioWaveformAnalyzer.swift */; };
		94A3116F2FD94A130078A1C3 /* AudioWaveformView.swift in Sources */ = {isa = PBXBuildFile; fileRef = 94A3116E2FD94A130078A1C3 /* AudioWaveformView.swift */; };
		94A311712FD99F3C0078A1C3 /* AudioPlayHeaderView.swift in Sources */ = {isa = PBXBuildFile; fileRef = 94A311702FD99F3C0078A1C3 /* AudioPlayHeaderView.swift */; };
		94A311732FD9A5000078A1C3 /* AudioFormatDetector.swift in Sources */ = {isa = PBXBuildFile; fileRef = 94A311722FD9A5000078A1C3 /* AudioFormatDetector.swift */; };
		94BF7A742FE27DA900066AE8 /* DeviceSettingsViewController.swift in Sources */ = {isa = PBXBuildFile; fileRef = 94BF7A732FE27DA900066AE8 /* DeviceSettingsViewController.swift */; };
		94BF7A7A2FE3CB6A00066AE8 /* DeviceSettingToggleCell.swift in Sources */ = {isa = PBXBuildFile; fileRef = 94BF7A792FE3CB6A00066AE8 /* DeviceSettingToggleCell.swift */; };
		94BF7A7B2FE3CB6A00066AE8 /* DeviceSettingButtonCell.swift in Sources */ = {isa = PBXBuildFile; fileRef = 94BF7A762FE3CB6A00066AE8 /* DeviceSettingButtonCell.swift */; };
		94BF7A7C2FE3CB6A00066AE8 /* DeviceSettingInfoCell.swift in Sources */ = {isa = PBXBuildFile; fileRef = 94BF7A782FE3CB6A00066AE8 /* DeviceSettingInfoCell.swift */; };
		94BF7A7D2FE3CB6A00066AE8 /* DeviceSettingBottomPickerView.swift in Sources */ = {isa = PBXBuildFile; fileRef = 94BF7A752FE3CB6A00066AE8 /* DeviceSettingBottomPickerView.swift */; };
		94BF7A7E2FE3CB6A00066AE8 /* DeviceSettingDisclosureCell.swift in Sources */ = {isa = PBXBuildFile; fileRef = 94BF7A772FE3CB6A00066AE8 /* DeviceSettingDisclosureCell.swift */; };
		94BF7A802FE3CE3D00066AE8 /* DeviceSettingDisclosureWithHintCell.swift in Sources */ = {isa = PBXBuildFile; fileRef = 94BF7A7F2FE3CE3D00066AE8 /* DeviceSettingDisclosureWithHintCell.swift */; };
		A005 /* ScanViewController.swift in Sources */ = {isa = PBXBuildFile; fileRef = F005 /* ScanViewController.swift */; };
		A006 /* MainViewController.swift in Sources */ = {isa = PBXBuildFile; fileRef = F006 /* MainViewController.swift */; };
		A007 /* PlayerViewController.swift in Sources */ = {isa = PBXBuildFile; fileRef = F007 /* PlayerViewController.swift */; };
		A008 /* AppDelegate.swift in Sources */ = {isa = PBXBuildFile; fileRef = F008 /* AppDelegate.swift */; };
		A009 /* SceneDelegate.swift in Sources */ = {isa = PBXBuildFile; fileRef = F009 /* SceneDelegate.swift */; };
		A010 /* Assets.xcassets in Resources */ = {isa = PBXBuildFile; fileRef = F010 /* Assets.xcassets */; };
		A012 /* FileCell.swift in Sources */ = {isa = PBXBuildFile; fileRef = F012 /* FileCell.swift */; };
		A013 /* ScanBlueToothDeviceInfoCell.swift in Sources */ = {isa = PBXBuildFile; fileRef = F013 /* ScanBlueToothDeviceInfoCell.swift */; };
		A014 /* AudioItem.swift in Sources */ = {isa = PBXBuildFile; fileRef = F014 /* AudioItem.swift */; };
		A015 /* ScanEmptyAIRECDeviceCell.swift in Sources */ = {isa = PBXBuildFile; fileRef = F015 /* ScanEmptyAIRECDeviceCell.swift */; };
		A016 /* AIRECBleChannel.swift in Sources */ = {isa = PBXBuildFile; fileRef = F016 /* AIRECBleChannel.swift */; };
		A017 /* LocalAudioRecord.swift in Sources */ = {isa = PBXBuildFile; fileRef = F017 /* LocalAudioRecord.swift */; };
		A018 /* LocalAudioRecordManager.swift in Sources */ = {isa = PBXBuildFile; fileRef = F018 /* LocalAudioRecordManager.swift */; };
		A93DC07B3CB3B813052783FC /* Pods_AIRECIOSBleDemo.framework in Frameworks */ = {isa = PBXBuildFile; fileRef = 1C748ED250346865DE6EB81C /* Pods_AIRECIOSBleDemo.framework */; };
		AEXT1 /* UIViewController+Extension.swift in Sources */ = {isa = PBXBuildFile; fileRef = FEXT1 /* UIViewController+Extension.swift */; };
		AKIT1 /* AIRECBleKit.framework in Frameworks */ = {isa = PBXBuildFile; fileRef = FKIT /* AIRECBleKit.framework */; };
		AKIT2 /* AIRECBleKit.framework in Embed Frameworks */ = {isa = PBXBuildFile; fileRef = FKIT /* AIRECBleKit.framework */; settings = {ATTRIBUTES = (CodeSignOnCopy, RemoveHeadersOnCopy, ); }; };
		AOPUS1 /* OpusDecoder.swift in Sources */ = {isa = PBXBuildFile; fileRef = FOPUS1 /* OpusDecoder.swift */; };
		AOPUS2 /* libopus.a in Frameworks */ = {isa = PBXBuildFile; fileRef = FOPUS2 /* libopus.a */; };
/* End PBXBuildFile section */

/* Begin PBXCopyFilesBuildPhase section */
		PH_EMBED /* Embed Frameworks */ = {
			isa = PBXCopyFilesBuildPhase;
			buildActionMask = 2147483647;
			dstPath = "";
			dstSubfolderSpec = 10;
			files = (
				AKIT2 /* AIRECBleKit.framework in Embed Frameworks */,
			);
			name = "Embed Frameworks";
			runOnlyForDeploymentPostprocessing = 0;
		};
/* End PBXCopyFilesBuildPhase section */

/* Begin PBXFileReference section */
		1C748ED250346865DE6EB81C /* Pods_AIRECIOSBleDemo.framework */ = {isa = PBXFileReference; explicitFileType = wrapper.framework; includeInIndex = 0; path = Pods_AIRECIOSBleDemo.framework; sourceTree = BUILT_PRODUCTS_DIR; };
		1F2544FB182C6289B4ED49F7 /* Pods-AIRECIOSBleDemo.debug.xcconfig */ = {isa = PBXFileReference; includeInIndex = 1; lastKnownFileType = text.xcconfig; name = "Pods-AIRECIOSBleDemo.debug.xcconfig"; path = "Target Support Files/Pods-AIRECIOSBleDemo/Pods-AIRECIOSBleDemo.debug.xcconfig"; sourceTree = "<group>"; };
		5E849E8598F6BFC85763C319 /* Pods-AIRECIOSBleDemo.release.xcconfig */ = {isa = PBXFileReference; includeInIndex = 1; lastKnownFileType = text.xcconfig; name = "Pods-AIRECIOSBleDemo.release.xcconfig"; path = "Target Support Files/Pods-AIRECIOSBleDemo/Pods-AIRECIOSBleDemo.release.xcconfig"; sourceTree = "<group>"; };
		67CD6B4C2F9F414500F8579D /* ATWOpusConverter.swift */ = {isa = PBXFileReference; lastKnownFileType = sourcecode.swift; path = ATWOpusConverter.swift; sourceTree = "<group>"; };
		946823D92FBC2F72002F0C5F /* ScanRippleView.swift */ = {isa = PBXFileReference; lastKnownFileType = sourcecode.swift; path = ScanRippleView.swift; sourceTree = "<group>"; };
		946823DB2FBC32E8002F0C5F /* ScanPeripheralViewController.swift */ = {isa = PBXFileReference; lastKnownFileType = sourcecode.swift; path = ScanPeripheralViewController.swift; sourceTree = "<group>"; };
		946824C52FBC6645002F0C5F /* ScanContainerView.swift */ = {isa = PBXFileReference; lastKnownFileType = sourcecode.swift; path = ScanContainerView.swift; sourceTree = "<group>"; };
		946824C92FBED57E002F0C5F /* HomeViewViewController.swift */ = {isa = PBXFileReference; lastKnownFileType = sourcecode.swift; path = HomeViewViewController.swift; sourceTree = "<group>"; };
		946824CB2FBF3921002F0C5F /* HomeBluetoothRingView.swift */ = {isa = PBXFileReference; lastKnownFileType = sourcecode.swift; path = HomeBluetoothRingView.swift; sourceTree = "<group>"; };
		946824CD2FC00001002F0C5F /* Theme.swift */ = {isa = PBXFileReference; lastKnownFileType = sourcecode.swift; path = Theme.swift; sourceTree = "<group>"; };
		946824CF2FC4F8E1002F0C5F /* HomeRecordingFileCell.swift */ = {isa = PBXFileReference; lastKnownFileType = sourcecode.swift; path = HomeRecordingFileCell.swift; sourceTree = "<group>"; };
		946824D12FD70F9E002F0C5F /* HomeBluetoothDeviceInfoCell.swift */ = {isa = PBXFileReference; lastKnownFileType = sourcecode.swift; path = HomeBluetoothDeviceInfoCell.swift; sourceTree = "<group>"; };
		946824D32FD71701002F0C5F /* AppTabBarController.swift */ = {isa = PBXFileReference; lastKnownFileType = sourcecode.swift; path = AppTabBarController.swift; sourceTree = "<group>"; };
		946824D52FD71702002F0C5F /* SettingsViewController.swift */ = {isa = PBXFileReference; lastKnownFileType = sourcecode.swift; path = SettingsViewController.swift; sourceTree = "<group>"; };
		946824D72FD8F001002F0C5F /* HomeRecordingStatusCell.swift */ = {isa = PBXFileReference; lastKnownFileType = sourcecode.swift; path = HomeRecordingStatusCell.swift; sourceTree = "<group>"; };
		946824D92FD8F1A1002F0C5F /* UIColor+Hex.swift */ = {isa = PBXFileReference; lastKnownFileType = sourcecode.swift; path = "UIColor+Hex.swift"; sourceTree = "<group>"; };
		946824DB2FD8F2D1002F0C5F /* RecordingTimerModel.swift */ = {isa = PBXFileReference; lastKnownFileType = sourcecode.swift; path = RecordingTimerModel.swift; sourceTree = "<group>"; };
		94A311682FD9474C0078A1C3 /* AudioPlayViewController.swift */ = {isa = PBXFileReference; lastKnownFileType = sourcecode.swift; path = AudioPlayViewController.swift; sourceTree = "<group>"; };
		94A3116A2FD9489C0078A1C3 /* AudioPlaybackManager.swift */ = {isa = PBXFileReference; lastKnownFileType = sourcecode.swift; path = AudioPlaybackManager.swift; sourceTree = "<group>"; };
		94A3116C2FD94A120078A1C3 /* AudioWaveformAnalyzer.swift */ = {isa = PBXFileReference; lastKnownFileType = sourcecode.swift; path = AudioWaveformAnalyzer.swift; sourceTree = "<group>"; };
		94A3116E2FD94A130078A1C3 /* AudioWaveformView.swift */ = {isa = PBXFileReference; lastKnownFileType = sourcecode.swift; path = AudioWaveformView.swift; sourceTree = "<group>"; };
		94A311702FD99F3C0078A1C3 /* AudioPlayHeaderView.swift */ = {isa = PBXFileReference; lastKnownFileType = sourcecode.swift; path = AudioPlayHeaderView.swift; sourceTree = "<group>"; };
		94A311722FD9A5000078A1C3 /* AudioFormatDetector.swift */ = {isa = PBXFileReference; lastKnownFileType = sourcecode.swift; path = AudioFormatDetector.swift; sourceTree = "<group>"; };
		94BF7A732FE27DA900066AE8 /* DeviceSettingsViewController.swift */ = {isa = PBXFileReference; lastKnownFileType = sourcecode.swift; path = DeviceSettingsViewController.swift; sourceTree = "<group>"; };
		94BF7A752FE3CB6A00066AE8 /* DeviceSettingBottomPickerView.swift */ = {isa = PBXFileReference; lastKnownFileType = sourcecode.swift; path = DeviceSettingBottomPickerView.swift; sourceTree = "<group>"; };
		94BF7A762FE3CB6A00066AE8 /* DeviceSettingButtonCell.swift */ = {isa = PBXFileReference; lastKnownFileType = sourcecode.swift; path = DeviceSettingButtonCell.swift; sourceTree = "<group>"; };
		94BF7A772FE3CB6A00066AE8 /* DeviceSettingDisclosureCell.swift */ = {isa = PBXFileReference; lastKnownFileType = sourcecode.swift; path = DeviceSettingDisclosureCell.swift; sourceTree = "<group>"; };
		94BF7A782FE3CB6A00066AE8 /* DeviceSettingInfoCell.swift */ = {isa = PBXFileReference; lastKnownFileType = sourcecode.swift; path = DeviceSettingInfoCell.swift; sourceTree = "<group>"; };
		94BF7A792FE3CB6A00066AE8 /* DeviceSettingToggleCell.swift */ = {isa = PBXFileReference; lastKnownFileType = sourcecode.swift; path = DeviceSettingToggleCell.swift; sourceTree = "<group>"; };
		94BF7A7F2FE3CE3D00066AE8 /* DeviceSettingDisclosureWithHintCell.swift */ = {isa = PBXFileReference; lastKnownFileType = sourcecode.swift; path = DeviceSettingDisclosureWithHintCell.swift; sourceTree = "<group>"; };
		F005 /* ScanViewController.swift */ = {isa = PBXFileReference; lastKnownFileType = sourcecode.swift; path = ScanViewController.swift; sourceTree = "<group>"; };
		F006 /* MainViewController.swift */ = {isa = PBXFileReference; lastKnownFileType = sourcecode.swift; path = MainViewController.swift; sourceTree = "<group>"; };
		F007 /* PlayerViewController.swift */ = {isa = PBXFileReference; lastKnownFileType = sourcecode.swift; path = PlayerViewController.swift; sourceTree = "<group>"; };
		F008 /* AppDelegate.swift */ = {isa = PBXFileReference; lastKnownFileType = sourcecode.swift; path = AppDelegate.swift; sourceTree = "<group>"; };
		F009 /* SceneDelegate.swift */ = {isa = PBXFileReference; lastKnownFileType = sourcecode.swift; path = SceneDelegate.swift; sourceTree = "<group>"; };
		F010 /* Assets.xcassets */ = {isa = PBXFileReference; lastKnownFileType = folder.assetcatalog; path = Assets.xcassets; sourceTree = "<group>"; };
		F011 /* LaunchScreen.storyboard */ = {isa = PBXFileReference; lastKnownFileType = file.storyboard; path = LaunchScreen.storyboard; sourceTree = "<group>"; };
		F012 /* FileCell.swift */ = {isa = PBXFileReference; lastKnownFileType = sourcecode.swift; path = FileCell.swift; sourceTree = "<group>"; };
		F013 /* ScanBlueToothDeviceInfoCell.swift */ = {isa = PBXFileReference; lastKnownFileType = sourcecode.swift; path = ScanBlueToothDeviceInfoCell.swift; sourceTree = "<group>"; };
		F014 /* AudioItem.swift */ = {isa = PBXFileReference; lastKnownFileType = sourcecode.swift; path = AudioItem.swift; sourceTree = "<group>"; };
		F015 /* ScanEmptyAIRECDeviceCell.swift */ = {isa = PBXFileReference; lastKnownFileType = sourcecode.swift; path = ScanEmptyAIRECDeviceCell.swift; sourceTree = "<group>"; };
		F016 /* AIRECBleChannel.swift */ = {isa = PBXFileReference; lastKnownFileType = sourcecode.swift; path = AIRECBleChannel.swift; sourceTree = "<group>"; };
		F017 /* LocalAudioRecord.swift */ = {isa = PBXFileReference; lastKnownFileType = sourcecode.swift; path = LocalAudioRecord.swift; sourceTree = "<group>"; };
		F018 /* LocalAudioRecordManager.swift */ = {isa = PBXFileReference; lastKnownFileType = sourcecode.swift; path = LocalAudioRecordManager.swift; sourceTree = "<group>"; };
		FAPP /* AIRECIOSBleDemo.app */ = {isa = PBXFileReference; explicitFileType = wrapper.application; includeInIndex = 0; path = AIRECIOSBleDemo.app; sourceTree = BUILT_PRODUCTS_DIR; };
		FEXT1 /* UIViewController+Extension.swift */ = {isa = PBXFileReference; lastKnownFileType = sourcecode.swift; path = "UIViewController+Extension.swift"; sourceTree = "<group>"; };
		FINF /* Info.plist */ = {isa = PBXFileReference; lastKnownFileType = text.plist.xml; path = Info.plist; sourceTree = "<group>"; };
		FKIT /* AIRECBleKit.framework */ = {isa = PBXFileReference; lastKnownFileType = wrapper.framework; path = AIRECBleKit.framework; sourceTree = "<group>"; };
		FOPUS1 /* OpusDecoder.swift */ = {isa = PBXFileReference; lastKnownFileType = sourcecode.swift; path = OpusDecoder.swift; sourceTree = "<group>"; };
		FOPUS2 /* libopus.a */ = {isa = PBXFileReference; lastKnownFileType = archive.ar; path = libopus.a; sourceTree = "<group>"; };
		FOPUS3 /* AIRECIOSBleDemo-Bridging-Header.h */ = {isa = PBXFileReference; lastKnownFileType = sourcecode.c.h; path = "AIRECIOSBleDemo-Bridging-Header.h"; sourceTree = "<group>"; };
/* End PBXFileReference section */

/* Begin PBXFileSystemSynchronizedRootGroup section */
		94BF7A822FE3DA8900066AE8 /* html */ = {isa = PBXFileSystemSynchronizedRootGroup; explicitFileTypes = {}; explicitFolders = (); path = html; sourceTree = "<group>"; };
/* End PBXFileSystemSynchronizedRootGroup section */

/* Begin PBXFrameworksBuildPhase section */
		PH_FW /* Frameworks */ = {
			isa = PBXFrameworksBuildPhase;
			buildActionMask = 2147483647;
			files = (
				AKIT1 /* AIRECBleKit.framework in Frameworks */,
				AOPUS2 /* libopus.a in Frameworks */,
				A93DC07B3CB3B813052783FC /* Pods_AIRECIOSBleDemo.framework in Frameworks */,
			);
			runOnlyForDeploymentPostprocessing = 0;
		};
/* End PBXFrameworksBuildPhase section */

/* Begin PBXGroup section */
		5F41D0FA5B81D075AA3F3F6E /* Pods */ = {
			isa = PBXGroup;
			children = (
				1F2544FB182C6289B4ED49F7 /* Pods-AIRECIOSBleDemo.debug.xcconfig */,
				5E849E8598F6BFC85763C319 /* Pods-AIRECIOSBleDemo.release.xcconfig */,
			);
			path = Pods;
			sourceTree = "<group>";
		};
		946824C72FBD6472002F0C5F /* View */ = {
			isa = PBXGroup;
			children = (
				94BF7A7F2FE3CE3D00066AE8 /* DeviceSettingDisclosureWithHintCell.swift */,
				94BF7A752FE3CB6A00066AE8 /* DeviceSettingBottomPickerView.swift */,
				94BF7A762FE3CB6A00066AE8 /* DeviceSettingButtonCell.swift */,
				94BF7A772FE3CB6A00066AE8 /* DeviceSettingDisclosureCell.swift */,
				94BF7A782FE3CB6A00066AE8 /* DeviceSettingInfoCell.swift */,
				94BF7A792FE3CB6A00066AE8 /* DeviceSettingToggleCell.swift */,
				946824CB2FBF3921002F0C5F /* HomeBluetoothRingView.swift */,
				946823D92FBC2F72002F0C5F /* ScanRippleView.swift */,
				946824C52FBC6645002F0C5F /* ScanContainerView.swift */,
				946824D12FD70F9E002F0C5F /* HomeBluetoothDeviceInfoCell.swift */,
				946824CF2FC4F8E1002F0C5F /* HomeRecordingFileCell.swift */,
				946824D72FD8F001002F0C5F /* HomeRecordingStatusCell.swift */,
				94A3116E2FD94A130078A1C3 /* AudioWaveformView.swift */,
				94A311702FD99F3C0078A1C3 /* AudioPlayHeaderView.swift */,
				F013 /* ScanBlueToothDeviceInfoCell.swift */,
				F015 /* ScanEmptyAIRECDeviceCell.swift */,
			);
			path = View;
			sourceTree = "<group>";
		};
		946824C82FBD8997002F0C5F /* ViewController */ = {
			isa = PBXGroup;
			children = (
				94BF7A732FE27DA900066AE8 /* DeviceSettingsViewController.swift */,
				946824D32FD71701002F0C5F /* AppTabBarController.swift */,
				946823DB2FBC32E8002F0C5F /* ScanPeripheralViewController.swift */,
				946824C92FBED57E002F0C5F /* HomeViewViewController.swift */,
				946824D52FD71702002F0C5F /* SettingsViewController.swift */,
				94A311682FD9474C0078A1C3 /* AudioPlayViewController.swift */,
			);
			path = ViewController;
			sourceTree = "<group>";
		};
		946824CB2FC02EA2002F0C5F /* AppTheme */ = {
			isa = PBXGroup;
			children = (
				946824CD2FC00001002F0C5F /* Theme.swift */,
				946824D92FD8F1A1002F0C5F /* UIColor+Hex.swift */,
			);
			path = AppTheme;
			sourceTree = "<group>";
		};
		946824CC2FC02EC6002F0C5F /* Manager */ = {
			isa = PBXGroup;
			children = (
				F016 /* AIRECBleChannel.swift */,
				F018 /* LocalAudioRecordManager.swift */,
				94A3116A2FD9489C0078A1C3 /* AudioPlaybackManager.swift */,
				94A3116C2FD94A120078A1C3 /* AudioWaveformAnalyzer.swift */,
				94A311722FD9A5000078A1C3 /* AudioFormatDetector.swift */,
			);
			path = Manager;
			sourceTree = "<group>";
		};
		94A311672FD0146F0078A1C3 /* Model */ = {
			isa = PBXGroup;
			children = (
				F017 /* LocalAudioRecord.swift */,
				946824DB2FD8F2D1002F0C5F /* RecordingTimerModel.swift */,
			);
			path = Model;
			sourceTree = "<group>";
		};
		94BF7A812FE3CED100066AE8 /* OrginalCode */ = {
			isa = PBXGroup;
			children = (
				F005 /* ScanViewController.swift */,
				F006 /* MainViewController.swift */,
				F014 /* AudioItem.swift */,
				F012 /* FileCell.swift */,
			);
			path = OrginalCode;
			sourceTree = "<group>";
		};
		GRP_APP /* AIRECIOSBleDemo */ = {
			isa = PBXGroup;
			children = (
				94BF7A822FE3DA8900066AE8 /* html */,
				94BF7A812FE3CED100066AE8 /* OrginalCode */,
				94A311672FD0146F0078A1C3 /* Model */,
				946824CC2FC02EC6002F0C5F /* Manager */,
				946824CB2FC02EA2002F0C5F /* AppTheme */,
				946824C82FBD8997002F0C5F /* ViewController */,
				946824C72FBD6472002F0C5F /* View */,
				F008 /* AppDelegate.swift */,
				F009 /* SceneDelegate.swift */,
				F007 /* PlayerViewController.swift */,
				67CD6B4C2F9F414500F8579D /* ATWOpusConverter.swift */,
				FOPUS1 /* OpusDecoder.swift */,
				FOPUS2 /* libopus.a */,
				FOPUS3 /* AIRECIOSBleDemo-Bridging-Header.h */,
				FEXT1 /* UIViewController+Extension.swift */,
				F010 /* Assets.xcassets */,
				F011 /* LaunchScreen.storyboard */,
				FINF /* Info.plist */,
			);
			path = AIRECIOSBleDemo;
			sourceTree = "<group>";
		};
		GRP_FW /* Frameworks */ = {
			isa = PBXGroup;
			children = (
				FKIT /* AIRECBleKit.framework */,
				1C748ED250346865DE6EB81C /* Pods_AIRECIOSBleDemo.framework */,
			);
			name = Frameworks;
			sourceTree = "<group>";
		};
		GRP_PROD /* Products */ = {
			isa = PBXGroup;
			children = (
				FAPP /* AIRECIOSBleDemo.app */,
			);
			name = Products;
			sourceTree = "<group>";
		};
		GRP_ROOT = {
			isa = PBXGroup;
			children = (
				GRP_APP /* AIRECIOSBleDemo */,
				GRP_PROD /* Products */,
				GRP_FW /* Frameworks */,
				5F41D0FA5B81D075AA3F3F6E /* Pods */,
			);
			sourceTree = "<group>";
		};
/* End PBXGroup section */

/* Begin PBXNativeTarget section */
		TGT_APP /* AIRECIOSBleDemo */ = {
			isa = PBXNativeTarget;
			buildConfigurationList = CFGL_APP /* Build configuration list for PBXNativeTarget "AIRECIOSBleDemo" */;
			buildPhases = (
				A529511345C487ACCCBB809F /* [CP] Check Pods Manifest.lock */,
				PH_SRC /* Sources */,
				PH_FW /* Frameworks */,
				PH_RES /* Resources */,
				PH_EMBED /* Embed Frameworks */,
				78B844BFA9AE8436EB949C1C /* [CP] Embed Pods Frameworks */,
			);
			buildRules = (
			);
			dependencies = (
			);
			fileSystemSynchronizedGroups = (
				94BF7A822FE3DA8900066AE8 /* html */,
			);
			name = AIRECIOSBleDemo;
			productName = AIRECIOSBleDemo;
			productReference = FAPP /* AIRECIOSBleDemo.app */;
			productType = "com.apple.product-type.application";
		};
/* End PBXNativeTarget section */

/* Begin PBXProject section */
		PROJ /* Project object */ = {
			isa = PBXProject;
			attributes = {
				BuildIndependentTargetsInParallel = 1;
				LastSwiftUpdateCheck = 1500;
				LastUpgradeCheck = 1500;
				TargetAttributes = {
					TGT_APP = {
						CreatedOnToolsVersion = 15.0;
					};
				};
			};
			buildConfigurationList = CFGL_PROJ /* Build configuration list for PBXProject "AIRECIOSBleDemo" */;
			compatibilityVersion = "Xcode 14.0";
			developmentRegion = "zh-Hans";
			hasScannedForEncodings = 0;
			knownRegions = (
				en,
				"zh-Hans",
				Base,
			);
			mainGroup = GRP_ROOT;
			productRefGroup = GRP_PROD /* Products */;
			projectDirPath = "";
			projectRoot = "";
			targets = (
				TGT_APP /* AIRECIOSBleDemo */,
			);
		};
/* End PBXProject section */

/* Begin PBXResourcesBuildPhase section */
		PH_RES /* Resources */ = {
			isa = PBXResourcesBuildPhase;
			buildActionMask = 2147483647;
			files = (
				A010 /* Assets.xcassets in Resources */,
			);
			runOnlyForDeploymentPostprocessing = 0;
		};
/* End PBXResourcesBuildPhase section */

/* Begin PBXShellScriptBuildPhase section */
		78B844BFA9AE8436EB949C1C /* [CP] Embed Pods Frameworks */ = {
			isa = PBXShellScriptBuildPhase;
			buildActionMask = 2147483647;
			files = (
			);
			inputFileListPaths = (
				"${PODS_ROOT}/Target Support Files/Pods-AIRECIOSBleDemo/Pods-AIRECIOSBleDemo-frameworks-${CONFIGURATION}-input-files.xcfilelist",
			);
			inputPaths = (
			);
			name = "[CP] Embed Pods Frameworks";
			outputFileListPaths = (
				"${PODS_ROOT}/Target Support Files/Pods-AIRECIOSBleDemo/Pods-AIRECIOSBleDemo-frameworks-${CONFIGURATION}-output-files.xcfilelist",
			);
			outputPaths = (
			);
			runOnlyForDeploymentPostprocessing = 0;
			shellPath = /bin/sh;
			shellScript = "\"${PODS_ROOT}/Target Support Files/Pods-AIRECIOSBleDemo/Pods-AIRECIOSBleDemo-frameworks.sh\"\n";
			showEnvVarsInLog = 0;
		};
		A529511345C487ACCCBB809F /* [CP] Check Pods Manifest.lock */ = {
			isa = PBXShellScriptBuildPhase;
			buildActionMask = 2147483647;
			files = (
			);
			inputFileListPaths = (
			);
			inputPaths = (
				"${PODS_PODFILE_DIR_PATH}/Podfile.lock",
				"${PODS_ROOT}/Manifest.lock",
			);
			name = "[CP] Check Pods Manifest.lock";
			outputFileListPaths = (
			);
			outputPaths = (
				"$(DERIVED_FILE_DIR)/Pods-AIRECIOSBleDemo-checkManifestLockResult.txt",
			);
			runOnlyForDeploymentPostprocessing = 0;
			shellPath = /bin/sh;
			shellScript = "diff \"${PODS_PODFILE_DIR_PATH}/Podfile.lock\" \"${PODS_ROOT}/Manifest.lock\" > /dev/null\nif [ $? != 0 ] ; then\n    # print error to STDERR\n    echo \"error: The sandbox is not in sync with the Podfile.lock. Run 'pod install' or update your CocoaPods installation.\" >&2\n    exit 1\nfi\n# This output is used by Xcode 'outputs' to avoid re-running this script phase.\necho \"SUCCESS\" > \"${SCRIPT_OUTPUT_FILE_0}\"\n";
			showEnvVarsInLog = 0;
		};
/* End PBXShellScriptBuildPhase section */

/* Begin PBXSourcesBuildPhase section */
		PH_SRC /* Sources */ = {
			isa = PBXSourcesBuildPhase;
			buildActionMask = 2147483647;
			files = (
				A008 /* AppDelegate.swift in Sources */,
				946823DC2FBC32E8002F0C5F /* ScanPeripheralViewController.swift in Sources */,
				946824CA2FBED57E002F0C5F /* HomeViewViewController.swift in Sources */,
				946824CC2FBF3921002F0C5F /* HomeBluetoothRingView.swift in Sources */,
				946824CE2FC00001002F0C5F /* Theme.swift in Sources */,
				946824D22FD70F9E002F0C5F /* HomeBluetoothDeviceInfoCell.swift in Sources */,
				946824D02FC4F8E1002F0C5F /* HomeRecordingFileCell.swift in Sources */,
				946824D82FD8F001002F0C5F /* HomeRecordingStatusCell.swift in Sources */,
				946824D42FD71701002F0C5F /* AppTabBarController.swift in Sources */,
				946824D62FD71702002F0C5F /* SettingsViewController.swift in Sources */,
				946824DA2FD8F1A1002F0C5F /* UIColor+Hex.swift in Sources */,
				946824C62FBC6645002F0C5F /* ScanContainerView.swift in Sources */,
				67CD6B4D2F9F414500F8579D /* ATWOpusConverter.swift in Sources */,
				94BF7A7A2FE3CB6A00066AE8 /* DeviceSettingToggleCell.swift in Sources */,
				94BF7A7B2FE3CB6A00066AE8 /* DeviceSettingButtonCell.swift in Sources */,
				94BF7A7C2FE3CB6A00066AE8 /* DeviceSettingInfoCell.swift in Sources */,
				94BF7A7D2FE3CB6A00066AE8 /* DeviceSettingBottomPickerView.swift in Sources */,
				94BF7A7E2FE3CB6A00066AE8 /* DeviceSettingDisclosureCell.swift in Sources */,
				A009 /* SceneDelegate.swift in Sources */,
				A014 /* AudioItem.swift in Sources */,
				A005 /* ScanViewController.swift in Sources */,
				A006 /* MainViewController.swift in Sources */,
				A007 /* PlayerViewController.swift in Sources */,
				A012 /* FileCell.swift in Sources */,
				946823DA2FBC2F72002F0C5F /* ScanRippleView.swift in Sources */,
				A013 /* ScanBlueToothDeviceInfoCell.swift in Sources */,
				A015 /* ScanEmptyAIRECDeviceCell.swift in Sources */,
				A016 /* AIRECBleChannel.swift in Sources */,
				94BF7A742FE27DA900066AE8 /* DeviceSettingsViewController.swift in Sources */,
				94BF7A802FE3CE3D00066AE8 /* DeviceSettingDisclosureWithHintCell.swift in Sources */,
				A017 /* LocalAudioRecord.swift in Sources */,
				946824DC2FD8F2D1002F0C5F /* RecordingTimerModel.swift in Sources */,
				A018 /* LocalAudioRecordManager.swift in Sources */,
				94A3116B2FD9489C0078A1C3 /* AudioPlaybackManager.swift in Sources */,
				94A3116D2FD94A120078A1C3 /* AudioWaveformAnalyzer.swift in Sources */,
				94A311732FD9A5000078A1C3 /* AudioFormatDetector.swift in Sources */,
				AOPUS1 /* OpusDecoder.swift in Sources */,
				94A311692FD9474C0078A1C3 /* AudioPlayViewController.swift in Sources */,
				94A3116F2FD94A130078A1C3 /* AudioWaveformView.swift in Sources */,
				94A311712FD99F3C0078A1C3 /* AudioPlayHeaderView.swift in Sources */,
				AEXT1 /* UIViewController+Extension.swift in Sources */,
			);
			runOnlyForDeploymentPostprocessing = 0;
		};
/* End PBXSourcesBuildPhase section */

/* Begin XCBuildConfiguration section */
		BC_APP_DBG /* Debug */ = {
			isa = XCBuildConfiguration;
			baseConfigurationReference = 1F2544FB182C6289B4ED49F7 /* Pods-AIRECIOSBleDemo.debug.xcconfig */;
			buildSettings = {
				ASSETCATALOG_COMPILER_APPICON_NAME = AppIcon;
				ASSETCATALOG_COMPILER_GLOBAL_ACCENT_COLOR_NAME = AccentColor;
				CODE_SIGN_IDENTITY = "Apple Development";
				CODE_SIGN_STYLE = Automatic;
				CURRENT_PROJECT_VERSION = 1;
				DEVELOPMENT_TEAM = JBGE9CY6EW;
				FRAMEWORK_SEARCH_PATHS = (
					"$(inherited)",
					"$(PROJECT_DIR)",
				);
				GENERATE_INFOPLIST_FILE = NO;
				HEADER_SEARCH_PATHS = (
					"$(inherited)",
					"$(SRCROOT)/AIRECIOSBleDemo/opus_include",
				);
				INFOPLIST_FILE = AIRECIOSBleDemo/Info.plist;
				IPHONEOS_DEPLOYMENT_TARGET = 15.6;
				LD_RUNPATH_SEARCH_PATHS = (
					"$(inherited)",
					"@executable_path/Frameworks",
				);
				LIBRARY_SEARCH_PATHS = (
					"$(SRCROOT)/AIRECIOSBleDemo",
					"$(inherited)",
				);
				MARKETING_VERSION = 1.0;
				OTHER_LDFLAGS = (
					"$(inherited)",
					"-force_load",
					"$(SRCROOT)/AIRECIOSBleDemo/libopus.a",
					"-lsqlite3",
				);
				PRODUCT_BUNDLE_IDENTIFIER = com.icourt.ai.note;
				PRODUCT_NAME = "$(TARGET_NAME)";
				PROVISIONING_PROFILE_SPECIFIER = "";
				SWIFT_EMIT_LOC_STRINGS = YES;
				SWIFT_OBJC_BRIDGING_HEADER = "AIRECIOSBleDemo/AIRECIOSBleDemo-Bridging-Header.h";
				SWIFT_VERSION = 5.0;
				TARGETED_DEVICE_FAMILY = "1,2";
			};
			name = Debug;
		};
		BC_APP_REL /* Release */ = {
			isa = XCBuildConfiguration;
			baseConfigurationReference = 5E849E8598F6BFC85763C319 /* Pods-AIRECIOSBleDemo.release.xcconfig */;
			buildSettings = {
				ASSETCATALOG_COMPILER_APPICON_NAME = AppIcon;
				ASSETCATALOG_COMPILER_GLOBAL_ACCENT_COLOR_NAME = AccentColor;
				CODE_SIGN_IDENTITY = "Apple Development";
				CODE_SIGN_STYLE = Automatic;
				CURRENT_PROJECT_VERSION = 1;
				DEVELOPMENT_TEAM = JBGE9CY6EW;
				FRAMEWORK_SEARCH_PATHS = (
					"$(inherited)",
					"$(PROJECT_DIR)",
				);
				GENERATE_INFOPLIST_FILE = NO;
				HEADER_SEARCH_PATHS = (
					"$(inherited)",
					"$(SRCROOT)/AIRECIOSBleDemo/opus_include",
				);
				INFOPLIST_FILE = AIRECIOSBleDemo/Info.plist;
				IPHONEOS_DEPLOYMENT_TARGET = 15.6;
				LD_RUNPATH_SEARCH_PATHS = (
					"$(inherited)",
					"@executable_path/Frameworks",
				);
				LIBRARY_SEARCH_PATHS = (
					"$(SRCROOT)/AIRECIOSBleDemo",
					"$(inherited)",
				);
				MARKETING_VERSION = 1.0;
				OTHER_LDFLAGS = (
					"$(inherited)",
					"-force_load",
					"$(SRCROOT)/AIRECIOSBleDemo/libopus.a",
					"-lsqlite3",
				);
				PRODUCT_BUNDLE_IDENTIFIER = com.icourt.ai.note;
				PRODUCT_NAME = "$(TARGET_NAME)";
				PROVISIONING_PROFILE_SPECIFIER = "";
				SWIFT_EMIT_LOC_STRINGS = YES;
				SWIFT_OBJC_BRIDGING_HEADER = "AIRECIOSBleDemo/AIRECIOSBleDemo-Bridging-Header.h";
				SWIFT_VERSION = 5.0;
				TARGETED_DEVICE_FAMILY = "1,2";
			};
			name = Release;
		};
		BC_PROJ_DBG /* Debug */ = {
			isa = XCBuildConfiguration;
			buildSettings = {
				ALWAYS_SEARCH_USER_PATHS = NO;
				CLANG_ANALYZER_NONNULL = YES;
				CLANG_CXX_LANGUAGE_STANDARD = "gnu++20";
				CLANG_ENABLE_MODULES = YES;
				CLANG_ENABLE_OBJC_ARC = YES;
				CLANG_ENABLE_OBJC_WEAK = YES;
				COPY_PHASE_STRIP = NO;
				DEBUG_INFORMATION_FORMAT = dwarf;
				ENABLE_STRICT_OBJC_MSGSEND = YES;
				ENABLE_TESTABILITY = YES;
				GCC_C_LANGUAGE_STANDARD = gnu17;
				GCC_DYNAMIC_NO_PIC = NO;
				GCC_NO_COMMON_BLOCKS = YES;
				GCC_OPTIMIZATION_LEVEL = 0;
				GCC_PREPROCESSOR_DEFINITIONS = (
					"DEBUG=1",
					"$(inherited)",
				);
				GCC_WARN_64_TO_32_BIT_CONVERSION = YES;
				GCC_WARN_ABOUT_RETURN_TYPE = YES_ERROR;
				GCC_WARN_UNDECLARED_SELECTOR = YES;
				GCC_WARN_UNINITIALIZED_AUTOS = YES_AGGRESSIVE;
				GCC_WARN_UNUSED_FUNCTION = YES;
				GCC_WARN_UNUSED_VARIABLE = YES;
				IPHONEOS_DEPLOYMENT_TARGET = 14.0;
				MTL_ENABLE_DEBUG_INFO = INCLUDE_SOURCE;
				MTL_FAST_MATH = YES;
				ONLY_ACTIVE_ARCH = YES;
				SDKROOT = iphoneos;
				SWIFT_ACTIVE_COMPILATION_CONDITIONS = DEBUG;
				SWIFT_OPTIMIZATION_LEVEL = "-Onone";
			};
			name = Debug;
		};
		BC_PROJ_REL /* Release */ = {
			isa = XCBuildConfiguration;
			buildSettings = {
				ALWAYS_SEARCH_USER_PATHS = NO;
				CLANG_ANALYZER_NONNULL = YES;
				CLANG_CXX_LANGUAGE_STANDARD = "gnu++20";
				CLANG_ENABLE_MODULES = YES;
				CLANG_ENABLE_OBJC_ARC = YES;
				CLANG_ENABLE_OBJC_WEAK = YES;
				IPHONEOS_DEPLOYMENT_TARGET = 14.0;
				MTL_FAST_MATH = YES;
				SDKROOT = iphoneos;
				SWIFT_COMPILATION_MODE = wholemodule;
				SWIFT_OPTIMIZATION_LEVEL = "-O";
				VALIDATE_PRODUCT = YES;
			};
			name = Release;
		};
/* End XCBuildConfiguration section */

/* Begin XCConfigurationList section */
		CFGL_APP /* Build configuration list for PBXNativeTarget "AIRECIOSBleDemo" */ = {
			isa = XCConfigurationList;
			buildConfigurations = (
				BC_APP_DBG /* Debug */,
				BC_APP_REL /* Release */,
			);
			defaultConfigurationIsVisible = 0;
			defaultConfigurationName = Release;
		};
		CFGL_PROJ /* Build configuration list for PBXProject "AIRECIOSBleDemo" */ = {
			isa = XCConfigurationList;
			buildConfigurations = (
				BC_PROJ_DBG /* Debug */,
				BC_PROJ_REL /* Release */,
			);
			defaultConfigurationIsVisible = 0;
			defaultConfigurationName = Release;
		};
/* End XCConfigurationList section */
	};
	rootObject = PROJ /* Project object */;
}
